
Microsoft Visual Studio Solution File, Format Version 12.00
# Visual Studio Version 17
VisualStudioVersion = 17.14.36518.9 d17.14
MinimumVisualStudioVersion = 10.0.40219.1
Project("{FAE04EC0-301F-11D3-BF4B-00C04F79EFBC}") = "Lab4", "Lab\Lab4.csproj", "{9C24337A-4174-458A-88C8-19B7F566AC52}"
EndProject
Global
	GlobalSection(SolutionConfigurationPlatforms) = preSolution
		Debug|Any CPU = Debug|Any CPU
		Release|Any CPU = Release|Any CPU
	EndGlobalSection
	GlobalSection(ProjectConfigurationPlatforms) = postSolution
		{9C24337A-4174-458A-88C8-19B7F566AC52}.Debug|Any CPU.ActiveCfg = Debug|Any CPU
		{9C24337A-4174-458A-88C8-19B7F566AC52}.Debug|Any CPU.Build.0 = Debug|Any CPU
		{9C24337A-4174-458A-88C8-19B7F566AC52}.Release|Any CPU.ActiveCfg = Release|Any CPU
		{9C24337A-4174-458A-88C8-19B7F566AC52}.Release|Any CPU.Build.0 = Release|Any CPU
	EndGlobalSection
	GlobalSection(SolutionProperties) = preSolution
		HideSolutionNode = FALSE
	EndGlobalSection
	GlobalSection(ExtensibilityGlobals) = postSolution
		SolutionGuid = {BF7721C4-EB18-4C8E-BBB5-DF9880EB4AA9}
	EndGlobalSection
EndGlobal
